
Microsoft Visual Studio Solution File, Format Version 12.00
Project("{FAE04EC0-301F-11D3-BF4B-00C04F79EFBC}") = "jyu.demo.BPMN", "jyu.demo.BPMN.csproj", "{D5879595-1CDE-430C-8311-5A29182C8BB0}"
EndProject
Project("{2150E333-8FDC-42A3-9474-1A3956D46DE8}") = "Lib", "Lib", "{F95F20E9-2B2B-4EE3-B189-B154862FD34E}"
EndProject
Project("{FAE04EC0-301F-11D3-BF4B-00C04F79EFBC}") = "jyu.demo.BPMN.Camunda", "..\Lib\jyu.demo.BPMN.Camunda\jyu.demo.BPMN.Camunda.csproj", "{3330ADA4-8E91-4545-87A4-70E406EDEE8C}"
EndProject
Project("{FAE04EC0-301F-11D3-BF4B-00C04F79EFBC}") = "jyu.demo.SampleServiceTaskWorker", "..\jyu.demo.SampleServiceTaskWorker\jyu.demo.SampleServiceTaskWorker.csproj", "{9A3EDFB9-8F12-4884-B672-E64E4B7E3B1F}"
EndProject
Project("{FAE04EC0-301F-11D3-BF4B-00C04F79EFBC}") = "jyu.demo.BpmDomain", "..\Lib\jyu.demo.BpmDomain\jyu.demo.BpmDomain.csproj", "{73817220-B080-4191-95B1-72DAFD7320DC}"
EndProject
Project("{FAE04EC0-301F-11D3-BF4B-00C04F79EFBC}") = "jyu.demo.Common", "..\Lib\jyu.demo.Common\jyu.demo.Common.csproj", "{F1BE2DF6-83F9-4B60-8CE7-4EB0FEBB7368}"
EndProject
Global
	GlobalSection(SolutionConfigurationPlatforms) = preSolution
		Debug|Any CPU = Debug|Any CPU
		Release|Any CPU = Release|Any CPU
	EndGlobalSection
	GlobalSection(ProjectConfigurationPlatforms) = postSolution
		{D5879595-1CDE-430C-8311-5A29182C8BB0}.Debug|Any CPU.ActiveCfg = Debug|Any CPU
		{D5879595-1CDE-430C-8311-5A29182C8BB0}.Debug|Any CPU.Build.0 = Debug|Any CPU
		{D5879595-1CDE-430C-8311-5A29182C8BB0}.Release|Any CPU.ActiveCfg = Release|Any CPU
		{D5879595-1CDE-430C-8311-5A29182C8BB0}.Release|Any CPU.Build.0 = Release|Any CPU
		{3330ADA4-8E91-4545-87A4-70E406EDEE8C}.Debug|Any CPU.ActiveCfg = Debug|Any CPU
		{3330ADA4-8E91-4545-87A4-70E406EDEE8C}.Debug|Any CPU.Build.0 = Debug|Any CPU
		{3330ADA4-8E91-4545-87A4-70E406EDEE8C}.Release|Any CPU.ActiveCfg = Release|Any CPU
		{3330ADA4-8E91-4545-87A4-70E406EDEE8C}.Release|Any CPU.Build.0 = Release|Any CPU
		{9A3EDFB9-8F12-4884-B672-E64E4B7E3B1F}.Debug|Any CPU.ActiveCfg = Debug|Any CPU
		{9A3EDFB9-8F12-4884-B672-E64E4B7E3B1F}.Debug|Any CPU.Build.0 = Debug|Any CPU
		{9A3EDFB9-8F12-4884-B672-E64E4B7E3B1F}.Release|Any CPU.ActiveCfg = Release|Any CPU
		{9A3EDFB9-8F12-4884-B672-E64E4B7E3B1F}.Release|Any CPU.Build.0 = Release|Any CPU
		{73817220-B080-4191-95B1-72DAFD7320DC}.Debug|Any CPU.ActiveCfg = Debug|Any CPU
		{73817220-B080-4191-95B1-72DAFD7320DC}.Debug|Any CPU.Build.0 = Debug|Any CPU
		{73817220-B080-4191-95B1-72DAFD7320DC}.Release|Any CPU.ActiveCfg = Release|Any CPU
		{73817220-B080-4191-95B1-72DAFD7320DC}.Release|Any CPU.Build.0 = Release|Any CPU
		{F1BE2DF6-83F9-4B60-8CE7-4EB0FEBB7368}.Debug|Any CPU.ActiveCfg = Debug|Any CPU
		{F1BE2DF6-83F9-4B60-8CE7-4EB0FEBB7368}.Debug|Any CPU.Build.0 = Debug|Any CPU
		{F1BE2DF6-83F9-4B60-8CE7-4EB0FEBB7368}.Release|Any CPU.ActiveCfg = Release|Any CPU
		{F1BE2DF6-83F9-4B60-8CE7-4EB0FEBB7368}.Release|Any CPU.Build.0 = Release|Any CPU
	EndGlobalSection
	GlobalSection(NestedProjects) = preSolution
		{3330ADA4-8E91-4545-87A4-70E406EDEE8C} = {F95F20E9-2B2B-4EE3-B189-B154862FD34E}
		{73817220-B080-4191-95B1-72DAFD7320DC} = {F95F20E9-2B2B-4EE3-B189-B154862FD34E}
		{F1BE2DF6-83F9-4B60-8CE7-4EB0FEBB7368} = {F95F20E9-2B2B-4EE3-B189-B154862FD34E}
	EndGlobalSection
EndGlobal
